
Microsoft Visual Studio Solution File, Format Version 12.00
# Visual Studio Version 16
VisualStudioVersion = 16.0.30907.101
MinimumVisualStudioVersion = 10.0.40219.1
Project("{FAE04EC0-301F-11D3-BF4B-00C04F79EFBC}") = "FYP", "FYP\FYP.csproj", "{C3EF2696-CDD1-461D-81A2-BDA5B20011EA}"
EndProject
Project("{FAE04EC0-301F-11D3-BF4B-00C04F79EFBC}") = "TpmStorageHandler", "TpmStorageHandler\TpmStorageHandler.csproj", "{1AD91593-FADB-4EF5-B602-C7BC7AEF0006}"
EndProject
Project("{FAE04EC0-301F-11D3-BF4B-00C04F79EFBC}") = "TpmTest", "TpmTest\TpmTest.csproj", "{A459E074-95D1-4E99-945B-E43AE4DA58DA}"
EndProject
Project("{2150E333-8FDC-42A3-9474-1A3956D46DE8}") = "Solution Items", "Solution Items", "{D52D7590-2F5A-409F-B9DD-0E77C5DDC84C}"
	ProjectSection(SolutionItems) = preProject
		.editorconfig = .editorconfig
	EndProjectSection
EndProject
Global
	GlobalSection(SolutionConfigurationPlatforms) = preSolution
		Debug|Any CPU = Debug|Any CPU
		Debug|ARM = Debug|ARM
		Debug|ARM64 = Debug|ARM64
		Debug|x64 = Debug|x64
		Debug|x86 = Debug|x86
		Release|Any CPU = Release|Any CPU
		Release|ARM = Release|ARM
		Release|ARM64 = Release|ARM64
		Release|x64 = Release|x64
		Release|x86 = Release|x86
	EndGlobalSection
	GlobalSection(ProjectConfigurationPlatforms) = postSolution
		{C3EF2696-CDD1-461D-81A2-BDA5B20011EA}.Debug|Any CPU.ActiveCfg = Debug|x86
		{C3EF2696-CDD1-461D-81A2-BDA5B20011EA}.Debug|ARM.ActiveCfg = Debug|ARM
		{C3EF2696-CDD1-461D-81A2-BDA5B20011EA}.Debug|ARM.Build.0 = Debug|ARM
		{C3EF2696-CDD1-461D-81A2-BDA5B20011EA}.Debug|ARM.Deploy.0 = Debug|ARM
		{C3EF2696-CDD1-461D-81A2-BDA5B20011EA}.Debug|ARM64.ActiveCfg = Debug|ARM64
		{C3EF2696-CDD1-461D-81A2-BDA5B20011EA}.Debug|ARM64.Build.0 = Debug|ARM64
		{C3EF2696-CDD1-461D-81A2-BDA5B20011EA}.Debug|ARM64.Deploy.0 = Debug|ARM64
		{C3EF2696-CDD1-461D-81A2-BDA5B20011EA}.Debug|x64.ActiveCfg = Debug|x64
		{C3EF2696-CDD1-461D-81A2-BDA5B20011EA}.Debug|x64.Build.0 = Debug|x64
		{C3EF2696-CDD1-461D-81A2-BDA5B20011EA}.Debug|x64.Deploy.0 = Debug|x64
		{C3EF2696-CDD1-461D-81A2-BDA5B20011EA}.Debug|x86.ActiveCfg = Debug|x86
		{C3EF2696-CDD1-461D-81A2-BDA5B20011EA}.Debug|x86.Build.0 = Debug|x86
		{C3EF2696-CDD1-461D-81A2-BDA5B20011EA}.Debug|x86.Deploy.0 = Debug|x86
		{C3EF2696-CDD1-461D-81A2-BDA5B20011EA}.Release|Any CPU.ActiveCfg = Release|x86
		{C3EF2696-CDD1-461D-81A2-BDA5B20011EA}.Release|ARM.ActiveCfg = Release|ARM
		{C3EF2696-CDD1-461D-81A2-BDA5B20011EA}.Release|ARM.Build.0 = Release|ARM
		{C3EF2696-CDD1-461D-81A2-BDA5B20011EA}.Release|ARM.Deploy.0 = Release|ARM
		{C3EF2696-CDD1-461D-81A2-BDA5B20011EA}.Release|ARM64.ActiveCfg = Release|ARM64
		{C3EF2696-CDD1-461D-81A2-BDA5B20011EA}.Release|ARM64.Build.0 = Release|ARM64
		{C3EF2696-CDD1-461D-81A2-BDA5B20011EA}.Release|ARM64.Deploy.0 = Release|ARM64
		{C3EF2696-CDD1-461D-81A2-BDA5B20011EA}.Release|x64.ActiveCfg = Release|x64
		{C3EF2696-CDD1-461D-81A2-BDA5B20011EA}.Release|x64.Build.0 = Release|x64
		{C3EF2696-CDD1-461D-81A2-BDA5B20011EA}.Release|x64.Deploy.0 = Release|x64
		{C3EF2696-CDD1-461D-81A2-BDA5B20011EA}.Release|x86.ActiveCfg = Release|x86
		{C3EF2696-CDD1-461D-81A2-BDA5B20011EA}.Release|x86.Build.0 = Release|x86
		{C3EF2696-CDD1-461D-81A2-BDA5B20011EA}.Release|x86.Deploy.0 = Release|x86
		{1AD91593-FADB-4EF5-B602-C7BC7AEF0006}.Debug|Any CPU.ActiveCfg = Debug|Any CPU
		{1AD91593-FADB-4EF5-B602-C7BC7AEF0006}.Debug|Any CPU.Build.0 = Debug|Any CPU
		{1AD91593-FADB-4EF5-B602-C7BC7AEF0006}.Debug|ARM.ActiveCfg = Debug|ARM
		{1AD91593-FADB-4EF5-B602-C7BC7AEF0006}.Debug|ARM.Build.0 = Debug|ARM
		{1AD91593-FADB-4EF5-B602-C7BC7AEF0006}.Debug|ARM64.ActiveCfg = Debug|ARM64
		{1AD91593-FADB-4EF5-B602-C7BC7AEF0006}.Debug|ARM64.Build.0 = Debug|ARM64
		{1AD91593-FADB-4EF5-B602-C7BC7AEF0006}.Debug|x64.ActiveCfg = Debug|x64
		{1AD91593-FADB-4EF5-B602-C7BC7AEF0006}.Debug|x64.Build.0 = Debug|x64
		{1AD91593-FADB-4EF5-B602-C7BC7AEF0006}.Debug|x86.ActiveCfg = Debug|x86
		{1AD91593-FADB-4EF5-B602-C7BC7AEF0006}.Debug|x86.Build.0 = Debug|x86
		{1AD91593-FADB-4EF5-B602-C7BC7AEF0006}.Release|Any CPU.ActiveCfg = Release|Any CPU
		{1AD91593-FADB-4EF5-B602-C7BC7AEF0006}.Release|Any CPU.Build.0 = Release|Any CPU
		{1AD91593-FADB-4EF5-B602-C7BC7AEF0006}.Release|ARM.ActiveCfg = Release|ARM
		{1AD91593-FADB-4EF5-B602-C7BC7AEF0006}.Release|ARM.Build.0 = Release|ARM
		{1AD91593-FADB-4EF5-B602-C7BC7AEF0006}.Release|ARM64.ActiveCfg = Release|ARM64
		{1AD91593-FADB-4EF5-B602-C7BC7AEF0006}.Release|ARM64.Build.0 = Release|ARM64
		{1AD91593-FADB-4EF5-B602-C7BC7AEF0006}.Release|x64.ActiveCfg = Release|x64
		{1AD91593-FADB-4EF5-B602-C7BC7AEF0006}.Release|x64.Build.0 = Release|x64
		{1AD91593-FADB-4EF5-B602-C7BC7AEF0006}.Release|x86.ActiveCfg = Release|x86
		{1AD91593-FADB-4EF5-B602-C7BC7AEF0006}.Release|x86.Build.0 = Release|x86
		{A459E074-95D1-4E99-945B-E43AE4DA58DA}.Debug|Any CPU.ActiveCfg = Debug|x86
		{A459E074-95D1-4E99-945B-E43AE4DA58DA}.Debug|ARM.ActiveCfg = Debug|ARM
		{A459E074-95D1-4E99-945B-E43AE4DA58DA}.Debug|ARM.Build.0 = Debug|ARM
		{A459E074-95D1-4E99-945B-E43AE4DA58DA}.Debug|ARM.Deploy.0 = Debug|ARM
		{A459E074-95D1-4E99-945B-E43AE4DA58DA}.Debug|ARM64.ActiveCfg = Debug|ARM64
		{A459E074-95D1-4E99-945B-E43AE4DA58DA}.Debug|ARM64.Build.0 = Debug|ARM64
		{A459E074-95D1-4E99-945B-E43AE4DA58DA}.Debug|ARM64.Deploy.0 = Debug|ARM64
		{A459E074-95D1-4E99-945B-E43AE4DA58DA}.Debug|x64.ActiveCfg = Debug|x64
		{A459E074-95D1-4E99-945B-E43AE4DA58DA}.Debug|x64.Build.0 = Debug|x64
		{A459E074-95D1-4E99-945B-E43AE4DA58DA}.Debug|x64.Deploy.0 = Debug|x64
		{A459E074-95D1-4E99-945B-E43AE4DA58DA}.Debug|x86.ActiveCfg = Debug|x86
		{A459E074-95D1-4E99-945B-E43AE4DA58DA}.Debug|x86.Build.0 = Debug|x86
		{A459E074-95D1-4E99-945B-E43AE4DA58DA}.Debug|x86.Deploy.0 = Debug|x86
		{A459E074-95D1-4E99-945B-E43AE4DA58DA}.Release|Any CPU.ActiveCfg = Release|x86
		{A459E074-95D1-4E99-945B-E43AE4DA58DA}.Release|ARM.ActiveCfg = Release|ARM
		{A459E074-95D1-4E99-945B-E43AE4DA58DA}.Release|ARM.Build.0 = Release|ARM
		{A459E074-95D1-4E99-945B-E43AE4DA58DA}.Release|ARM.Deploy.0 = Release|ARM
		{A459E074-95D1-4E99-945B-E43AE4DA58DA}.Release|ARM64.ActiveCfg = Release|ARM64
		{A459E074-95D1-4E99-945B-E43AE4DA58DA}.Release|ARM64.Build.0 = Release|ARM64
		{A459E074-95D1-4E99-945B-E43AE4DA58DA}.Release|ARM64.Deploy.0 = Release|ARM64
		{A459E074-95D1-4E99-945B-E43AE4DA58DA}.Release|x64.ActiveCfg = Release|x64
		{A459E074-95D1-4E99-945B-E43AE4DA58DA}.Release|x64.Build.0 = Release|x64
		{A459E074-95D1-4E99-945B-E43AE4DA58DA}.Release|x64.Deploy.0 = Release|x64
		{A459E074-95D1-4E99-945B-E43AE4DA58DA}.Release|x86.ActiveCfg = Release|x86
		{A459E074-95D1-4E99-945B-E43AE4DA58DA}.Release|x86.Build.0 = Release|x86
		{A459E074-95D1-4E99-945B-E43AE4DA58DA}.Release|x86.Deploy.0 = Release|x86
	EndGlobalSection
	GlobalSection(SolutionProperties) = preSolution
		HideSolutionNode = FALSE
	EndGlobalSection
	GlobalSection(ExtensibilityGlobals) = postSolution
		SolutionGuid = {66E08DFA-38A5-4102-AC41-5DB5B0D0E3DB}
	EndGlobalSection
EndGlobal
